
Microsoft Visual Studio Solution File, Format Version 12.00
# Visual Studio Version 17
VisualStudioVersion = 17.6.33712.159
MinimumVisualStudioVersion = 10.0.40219.1
Project("{FAE04EC0-301F-11D3-BF4B-00C04F79EFBC}") = "task-3", "task-3\task-3.csproj", "{F056B4D4-7DD5-4514-8DF1-28860D235BB9}"
EndProject
Global
	GlobalSection(SolutionConfigurationPlatforms) = preSolution
		Debug|Any CPU = Debug|Any CPU
		Release|Any CPU = Release|Any CPU
	EndGlobalSection
	GlobalSection(ProjectConfigurationPlatforms) = postSolution
		{F056B4D4-7DD5-4514-8DF1-28860D235BB9}.Debug|Any CPU.ActiveCfg = Debug|Any CPU
		{F056B4D4-7DD5-4514-8DF1-28860D235BB9}.Debug|Any CPU.Build.0 = Debug|Any CPU
		{F056B4D4-7DD5-4514-8DF1-28860D235BB9}.Release|Any CPU.ActiveCfg = Release|Any CPU
		{F056B4D4-7DD5-4514-8DF1-28860D235BB9}.Release|Any CPU.Build.0 = Release|Any CPU
	EndGlobalSection
	GlobalSection(SolutionProperties) = preSolution
		HideSolutionNode = FALSE
	EndGlobalSection
	GlobalSection(ExtensibilityGlobals) = postSolution
		SolutionGuid = {FDF4B86C-28A4-4614-A9F5-F1E97FBCB354}
	EndGlobalSection
EndGlobal
